PODS:
  - Alamofire (4.6.0)
  - AlamofireImage (3.3.0):
    - Alamofire (~> 4.5)
  - GradientView (2.3.3)
  - Pastel (0.3.0)

DEPENDENCIES:
  - Alamofire (~> 4.6)
  - AlamofireImage
  - GradientView (~> 2.3)
  - Pastel

SPEC CHECKSUMS:
  Alamofire: f41a599bd63041760b26d393ec1069d9d7b917f4
  AlamofireImage: 2e784dc5d00f04903a52c1d169181469c805c3df
  GradientView: b044fa46c24062ee245a07a4e8bea4c5c4d63de0
  Pastel: 738740c84f2b15bbcd96ebe99c4e6c2f5dd42262

PODFILE CHECKSUM: c94f27aaee3e9f8bee57674095a4270ab93f6925

COCOAPODS: 1.4.0
